
Microsoft Visual Studio Solution File, Format Version 12.00
# Visual Studio 2012
Project("{2150E333-8FDC-42A3-9474-1A3956D46DE8}") = "Solution Items", "Solution Items", "{6B4C1B76-B994-4FD3-BB5A-7C50E14DBB9A}"
	ProjectSection(SolutionItems) = preProject
		GlobalAssemblyInfo.cs = GlobalAssemblyInfo.cs
		LocalTestRun.testrunconfig = LocalTestRun.testrunconfig
		TeamBuildScreen.vsmdi = TeamBuildScreen.vsmdi
		TODO.txt = TODO.txt
	EndProjectSection
EndProject
Project("{FAE04EC0-301F-11D3-BF4B-00C04F79EFBC}") = "TeamBuildScreen.Core", "Source\TeamBuildScreen.Core\TeamBuildScreen.Core.csproj", "{40B36C3C-325C-4E09-8D1C-3346C213C7B8}"
EndProject
Project("{FAE04EC0-301F-11D3-BF4B-00C04F79EFBC}") = "TeamBuildScreen.Demo", "Source\TeamBuildScreen.Demo\TeamBuildScreen.Demo.csproj", "{AC3CF5C4-B571-448F-A708-840AF5170D32}"
EndProject
Project("{FAE04EC0-301F-11D3-BF4B-00C04F79EFBC}") = "TeamBuildScreen.DesktopDemo", "Source\TeamBuildScreen.DesktopDemo\TeamBuildScreen.DesktopDemo.csproj", "{80AEAB5C-1EA5-4195-8E48-FAD7A5AEB36F}"
EndProject
Project("{FAE04EC0-301F-11D3-BF4B-00C04F79EFBC}") = "TeamBuildScreen.Core.UnitTests", "Tests\TeamBuildScreen.Core.UnitTests\TeamBuildScreen.Core.UnitTests.csproj", "{FE074487-B29B-4E89-B675-BE9FBE517B89}"
EndProject
Project("{2150E333-8FDC-42A3-9474-1A3956D46DE8}") = "Demo", "Demo", "{CD02D804-1358-4925-8045-82AC2E7A715D}"
EndProject
Project("{2150E333-8FDC-42A3-9474-1A3956D46DE8}") = "Jenkins", "Jenkins", "{7C1A629E-2AEE-4C54-B2B6-7A3BC9C8DFBE}"
EndProject
Project("{FAE04EC0-301F-11D3-BF4B-00C04F79EFBC}") = "TeamBuildScreen.Service", "Source\TeamBuildScreen.Service\TeamBuildScreen.Service.csproj", "{191E721F-0831-4274-98B4-D53B902A2029}"
EndProject
Project("{FAE04EC0-301F-11D3-BF4B-00C04F79EFBC}") = "TeamBuildScreen.Console", "Source\TeamBuildScreen.Console\TeamBuildScreen.Console.csproj", "{082CDED2-1AA4-4E87-9C6C-0F2379DC3A78}"
EndProject
Project("{FAE04EC0-301F-11D3-BF4B-00C04F79EFBC}") = "TeamBuildScreen.Server", "Source\TeamBuildScreen.Server\TeamBuildScreen.Server.csproj", "{DF4FC314-3BB5-4352-903B-3D515A8C1C8C}"
EndProject
Project("{FAE04EC0-301F-11D3-BF4B-00C04F79EFBC}") = "TeamBuildScreen.DesktopJenkins", "Source\TeamBuildScreen.DesktopJenkins\TeamBuildScreen.DesktopJenkins.csproj", "{849D4C5D-B9BF-4E43-A5BC-9E0D7C88EF42}"
EndProject
Project("{FAE04EC0-301F-11D3-BF4B-00C04F79EFBC}") = "TeamBuildScreen.Jenkins", "Source\TeamBuildScreen.Jenkins\TeamBuildScreen.Jenkins.csproj", "{D574AB5B-FF76-43C8-A9D3-EC111EE7B77F}"
EndProject
Project("{2150E333-8FDC-42A3-9474-1A3956D46DE8}") = "Tfs2012", "Tfs2012", "{9EACF93B-325D-4C73-BDC8-A1174B2185ED}"
EndProject
Project("{FAE04EC0-301F-11D3-BF4B-00C04F79EFBC}") = "TeamBuildScreen.DesktopTfs2012", "Source\TeamBuildScreen.DesktopTfs2012\TeamBuildScreen.DesktopTfs2012.csproj", "{07056478-9095-40A9-BB9B-11EFADEE3D4C}"
EndProject
Project("{FAE04EC0-301F-11D3-BF4B-00C04F79EFBC}") = "TeamBuildScreen.SaverTfs2012", "Source\TeamBuildScreen.SaverTfs2012\TeamBuildScreen.SaverTfs2012.csproj", "{612AD779-92B0-45C9-86B6-5227B942B138}"
EndProject
Project("{930C7802-8A8C-48F9-8165-68863BCCD9DD}") = "TeamBuildScreen.SetupTfs2012", "Source\TeamBuildScreen.SetupTfs2012\TeamBuildScreen.SetupTfs2012.wixproj", "{3E5AF14C-506C-4E4B-BE52-19D979933F70}"
EndProject
Project("{FAE04EC0-301F-11D3-BF4B-00C04F79EFBC}") = "TeamBuildScreen.Tfs2012", "Source\TeamBuildScreen.Tfs2012\TeamBuildScreen.Tfs2012.csproj", "{03FC6B2B-A458-4707-A935-1232F275C0D0}"
EndProject
Global
	GlobalSection(TeamFoundationVersionControl) = preSolution
		SccNumberOfProjects = 14
		SccEnterpriseProvider = {4CA58AB2-18FA-4F8D-95D4-32DDF27D184C}
		SccTeamFoundationServer = https://tfs.codeplex.com/tfs/tfs03
		SccLocalPath0 = .
		SccProjectUniqueName1 = Source\\TeamBuildScreen.Core\\TeamBuildScreen.Core.csproj
		SccProjectName1 = Source/TeamBuildScreen.Core
		SccLocalPath1 = Source\\TeamBuildScreen.Core
		SccProjectUniqueName2 = Source\\TeamBuildScreen.Demo\\TeamBuildScreen.Demo.csproj
		SccProjectTopLevelParentUniqueName2 = TeamBuildScreen.sln
		SccProjectName2 = Source/TeamBuildScreen.Demo
		SccLocalPath2 = Source\\TeamBuildScreen.Demo
		SccProjectUniqueName3 = Source\\TeamBuildScreen.DesktopDemo\\TeamBuildScreen.DesktopDemo.csproj
		SccProjectTopLevelParentUniqueName3 = TeamBuildScreen.sln
		SccProjectName3 = Source/TeamBuildScreen.DesktopDemo
		SccLocalPath3 = Source\\TeamBuildScreen.DesktopDemo
		SccProjectUniqueName4 = Tests\\TeamBuildScreen.Core.UnitTests\\TeamBuildScreen.Core.UnitTests.csproj
		SccProjectName4 = Tests/TeamBuildScreen.Core.UnitTests
		SccLocalPath4 = Tests\\TeamBuildScreen.Core.UnitTests
		SccProjectUniqueName5 = Source\\TeamBuildScreen.Service\\TeamBuildScreen.Service.csproj
		SccProjectName5 = Source/TeamBuildScreen.Service
		SccLocalPath5 = Source\\TeamBuildScreen.Service
		SccProjectUniqueName6 = Source\\TeamBuildScreen.Console\\TeamBuildScreen.Console.csproj
		SccProjectName6 = Source/TeamBuildScreen.Console
		SccLocalPath6 = Source\\TeamBuildScreen.Console
		SccProjectUniqueName7 = Source\\TeamBuildScreen.Server\\TeamBuildScreen.Server.csproj
		SccProjectName7 = Source/TeamBuildScreen.Server
		SccLocalPath7 = Source\\TeamBuildScreen.Server
		SccProjectUniqueName8 = Source\\TeamBuildScreen.DesktopJenkins\\TeamBuildScreen.DesktopJenkins.csproj
		SccProjectTopLevelParentUniqueName8 = TeamBuildScreen.sln
		SccProjectName8 = Source/TeamBuildScreen.DesktopJenkins
		SccLocalPath8 = Source\\TeamBuildScreen.DesktopJenkins
		SccProjectUniqueName9 = Source\\TeamBuildScreen.Jenkins\\TeamBuildScreen.Jenkins.csproj
		SccProjectTopLevelParentUniqueName9 = TeamBuildScreen.sln
		SccProjectName9 = Source/TeamBuildScreen.Jenkins
		SccLocalPath9 = Source\\TeamBuildScreen.Jenkins
		SccProjectUniqueName10 = Source\\TeamBuildScreen.DesktopTfs2012\\TeamBuildScreen.DesktopTfs2012.csproj
		SccProjectTopLevelParentUniqueName10 = TeamBuildScreen.sln
		SccProjectName10 = Source/TeamBuildScreen.DesktopTfs2012
		SccLocalPath10 = Source\\TeamBuildScreen.DesktopTfs2012
		SccProjectUniqueName11 = Source\\TeamBuildScreen.SaverTfs2012\\TeamBuildScreen.SaverTfs2012.csproj
		SccProjectTopLevelParentUniqueName11 = TeamBuildScreen.sln
		SccProjectName11 = Source/TeamBuildScreen.SaverTfs2012
		SccLocalPath11 = Source\\TeamBuildScreen.SaverTfs2012
		SccProjectUniqueName12 = Source\\TeamBuildScreen.SetupTfs2012\\TeamBuildScreen.SetupTfs2012.wixproj
		SccProjectTopLevelParentUniqueName12 = TeamBuildScreen.sln
		SccProjectName12 = Source/TeamBuildScreen.SetupTfs2012
		SccLocalPath12 = Source\\TeamBuildScreen.SetupTfs2012
		SccProjectUniqueName13 = Source\\TeamBuildScreen.Tfs2012\\TeamBuildScreen.Tfs2012.csproj
		SccProjectTopLevelParentUniqueName13 = TeamBuildScreen.sln
		SccProjectName13 = Source/TeamBuildScreen.Tfs2012
		SccLocalPath13 = Source\\TeamBuildScreen.Tfs2012
	EndGlobalSection
	GlobalSection(TestCaseManagementSettings) = postSolution
		CategoryFile = TeamBuildScreen.vsmdi
	EndGlobalSection
	GlobalSection(SolutionConfigurationPlatforms) = preSolution
		Debug|Any CPU = Debug|Any CPU
		Debug|Mixed Platforms = Debug|Mixed Platforms
		Debug|x86 = Debug|x86
		Release|Any CPU = Release|Any CPU
		Release|Mixed Platforms = Release|Mixed Platforms
		Release|x86 = Release|x86
	EndGlobalSection
	GlobalSection(ProjectConfigurationPlatforms) = postSolution
		{40B36C3C-325C-4E09-8D1C-3346C213C7B8}.Debug|Any CPU.ActiveCfg = Debug|x86
		{40B36C3C-325C-4E09-8D1C-3346C213C7B8}.Debug|Mixed Platforms.ActiveCfg = Debug|x86
		{40B36C3C-325C-4E09-8D1C-3346C213C7B8}.Debug|Mixed Platforms.Build.0 = Debug|x86
		{40B36C3C-325C-4E09-8D1C-3346C213C7B8}.Debug|x86.ActiveCfg = Debug|x86
		{40B36C3C-325C-4E09-8D1C-3346C213C7B8}.Debug|x86.Build.0 = Debug|x86
		{40B36C3C-325C-4E09-8D1C-3346C213C7B8}.Release|Any CPU.ActiveCfg = Release|x86
		{40B36C3C-325C-4E09-8D1C-3346C213C7B8}.Release|Mixed Platforms.ActiveCfg = Release|x86
		{40B36C3C-325C-4E09-8D1C-3346C213C7B8}.Release|Mixed Platforms.Build.0 = Release|x86
		{40B36C3C-325C-4E09-8D1C-3346C213C7B8}.Release|x86.ActiveCfg = Release|x86
		{40B36C3C-325C-4E09-8D1C-3346C213C7B8}.Release|x86.Build.0 = Release|x86
		{AC3CF5C4-B571-448F-A708-840AF5170D32}.Debug|Any CPU.ActiveCfg = Debug|x86
		{AC3CF5C4-B571-448F-A708-840AF5170D32}.Debug|Mixed Platforms.ActiveCfg = Debug|x86
		{AC3CF5C4-B571-448F-A708-840AF5170D32}.Debug|Mixed Platforms.Build.0 = Debug|x86
		{AC3CF5C4-B571-448F-A708-840AF5170D32}.Debug|x86.ActiveCfg = Debug|x86
		{AC3CF5C4-B571-448F-A708-840AF5170D32}.Debug|x86.Build.0 = Debug|x86
		{AC3CF5C4-B571-448F-A708-840AF5170D32}.Release|Any CPU.ActiveCfg = Release|x86
		{AC3CF5C4-B571-448F-A708-840AF5170D32}.Release|Mixed Platforms.ActiveCfg = Release|x86
		{AC3CF5C4-B571-448F-A708-840AF5170D32}.Release|Mixed Platforms.Build.0 = Release|x86
		{AC3CF5C4-B571-448F-A708-840AF5170D32}.Release|x86.ActiveCfg = Release|x86
		{AC3CF5C4-B571-448F-A708-840AF5170D32}.Release|x86.Build.0 = Release|x86
		{80AEAB5C-1EA5-4195-8E48-FAD7A5AEB36F}.Debug|Any CPU.ActiveCfg = Debug|x86
		{80AEAB5C-1EA5-4195-8E48-FAD7A5AEB36F}.Debug|Mixed Platforms.ActiveCfg = Debug|x86
		{80AEAB5C-1EA5-4195-8E48-FAD7A5AEB36F}.Debug|Mixed Platforms.Build.0 = Debug|x86
		{80AEAB5C-1EA5-4195-8E48-FAD7A5AEB36F}.Debug|x86.ActiveCfg = Debug|x86
		{80AEAB5C-1EA5-4195-8E48-FAD7A5AEB36F}.Debug|x86.Build.0 = Debug|x86
		{80AEAB5C-1EA5-4195-8E48-FAD7A5AEB36F}.Release|Any CPU.ActiveCfg = Release|x86
		{80AEAB5C-1EA5-4195-8E48-FAD7A5AEB36F}.Release|Mixed Platforms.ActiveCfg = Release|x86
		{80AEAB5C-1EA5-4195-8E48-FAD7A5AEB36F}.Release|Mixed Platforms.Build.0 = Release|x86
		{80AEAB5C-1EA5-4195-8E48-FAD7A5AEB36F}.Release|x86.ActiveCfg = Release|x86
		{80AEAB5C-1EA5-4195-8E48-FAD7A5AEB36F}.Release|x86.Build.0 = Release|x86
		{FE074487-B29B-4E89-B675-BE9FBE517B89}.Debug|Any CPU.ActiveCfg = Debug|x86
		{FE074487-B29B-4E89-B675-BE9FBE517B89}.Debug|Mixed Platforms.ActiveCfg = Debug|x86
		{FE074487-B29B-4E89-B675-BE9FBE517B89}.Debug|Mixed Platforms.Build.0 = Debug|x86
		{FE074487-B29B-4E89-B675-BE9FBE517B89}.Debug|x86.ActiveCfg = Debug|x86
		{FE074487-B29B-4E89-B675-BE9FBE517B89}.Debug|x86.Build.0 = Debug|x86
		{FE074487-B29B-4E89-B675-BE9FBE517B89}.Release|Any CPU.ActiveCfg = Release|x86
		{FE074487-B29B-4E89-B675-BE9FBE517B89}.Release|Mixed Platforms.ActiveCfg = Release|x86
		{FE074487-B29B-4E89-B675-BE9FBE517B89}.Release|Mixed Platforms.Build.0 = Release|x86
		{FE074487-B29B-4E89-B675-BE9FBE517B89}.Release|x86.ActiveCfg = Release|x86
		{FE074487-B29B-4E89-B675-BE9FBE517B89}.Release|x86.Build.0 = Release|x86
		{191E721F-0831-4274-98B4-D53B902A2029}.Debug|Any CPU.ActiveCfg = Debug|x86
		{191E721F-0831-4274-98B4-D53B902A2029}.Debug|Mixed Platforms.ActiveCfg = Debug|x86
		{191E721F-0831-4274-98B4-D53B902A2029}.Debug|Mixed Platforms.Build.0 = Debug|x86
		{191E721F-0831-4274-98B4-D53B902A2029}.Debug|x86.ActiveCfg = Debug|x86
		{191E721F-0831-4274-98B4-D53B902A2029}.Debug|x86.Build.0 = Debug|x86
		{191E721F-0831-4274-98B4-D53B902A2029}.Release|Any CPU.ActiveCfg = Release|x86
		{191E721F-0831-4274-98B4-D53B902A2029}.Release|Mixed Platforms.ActiveCfg = Release|x86
		{191E721F-0831-4274-98B4-D53B902A2029}.Release|Mixed Platforms.Build.0 = Release|x86
		{191E721F-0831-4274-98B4-D53B902A2029}.Release|x86.ActiveCfg = Release|x86
		{191E721F-0831-4274-98B4-D53B902A2029}.Release|x86.Build.0 = Release|x86
		{082CDED2-1AA4-4E87-9C6C-0F2379DC3A78}.Debug|Any CPU.ActiveCfg = Debug|x86
		{082CDED2-1AA4-4E87-9C6C-0F2379DC3A78}.Debug|Mixed Platforms.ActiveCfg = Debug|x86
		{082CDED2-1AA4-4E87-9C6C-0F2379DC3A78}.Debug|Mixed Platforms.Build.0 = Debug|x86
		{082CDED2-1AA4-4E87-9C6C-0F2379DC3A78}.Debug|x86.ActiveCfg = Debug|x86
		{082CDED2-1AA4-4E87-9C6C-0F2379DC3A78}.Debug|x86.Build.0 = Debug|x86
		{082CDED2-1AA4-4E87-9C6C-0F2379DC3A78}.Release|Any CPU.ActiveCfg = Release|x86
		{082CDED2-1AA4-4E87-9C6C-0F2379DC3A78}.Release|Mixed Platforms.ActiveCfg = Release|x86
		{082CDED2-1AA4-4E87-9C6C-0F2379DC3A78}.Release|Mixed Platforms.Build.0 = Release|x86
		{082CDED2-1AA4-4E87-9C6C-0F2379DC3A78}.Release|x86.ActiveCfg = Release|x86
		{082CDED2-1AA4-4E87-9C6C-0F2379DC3A78}.Release|x86.Build.0 = Release|x86
		{DF4FC314-3BB5-4352-903B-3D515A8C1C8C}.Debug|Any CPU.ActiveCfg = Debug|Any CPU
		{DF4FC314-3BB5-4352-903B-3D515A8C1C8C}.Debug|Any CPU.Build.0 = Debug|Any CPU
		{DF4FC314-3BB5-4352-903B-3D515A8C1C8C}.Debug|Mixed Platforms.ActiveCfg = Debug|Any CPU
		{DF4FC314-3BB5-4352-903B-3D515A8C1C8C}.Debug|Mixed Platforms.Build.0 = Debug|Any CPU
		{DF4FC314-3BB5-4352-903B-3D515A8C1C8C}.Debug|x86.ActiveCfg = Debug|x86
		{DF4FC314-3BB5-4352-903B-3D515A8C1C8C}.Debug|x86.Build.0 = Debug|x86
		{DF4FC314-3BB5-4352-903B-3D515A8C1C8C}.Release|Any CPU.ActiveCfg = Release|Any CPU
		{DF4FC314-3BB5-4352-903B-3D515A8C1C8C}.Release|Any CPU.Build.0 = Release|Any CPU
		{DF4FC314-3BB5-4352-903B-3D515A8C1C8C}.Release|Mixed Platforms.ActiveCfg = Release|x86
		{DF4FC314-3BB5-4352-903B-3D515A8C1C8C}.Release|Mixed Platforms.Build.0 = Release|x86
		{DF4FC314-3BB5-4352-903B-3D515A8C1C8C}.Release|x86.ActiveCfg = Release|x86
		{DF4FC314-3BB5-4352-903B-3D515A8C1C8C}.Release|x86.Build.0 = Release|x86
		{849D4C5D-B9BF-4E43-A5BC-9E0D7C88EF42}.Debug|Any CPU.ActiveCfg = Debug|x86
		{849D4C5D-B9BF-4E43-A5BC-9E0D7C88EF42}.Debug|Mixed Platforms.ActiveCfg = Debug|x86
		{849D4C5D-B9BF-4E43-A5BC-9E0D7C88EF42}.Debug|Mixed Platforms.Build.0 = Debug|x86
		{849D4C5D-B9BF-4E43-A5BC-9E0D7C88EF42}.Debug|x86.ActiveCfg = Debug|x86
		{849D4C5D-B9BF-4E43-A5BC-9E0D7C88EF42}.Debug|x86.Build.0 = Debug|x86
		{849D4C5D-B9BF-4E43-A5BC-9E0D7C88EF42}.Release|Any CPU.ActiveCfg = Release|x86
		{849D4C5D-B9BF-4E43-A5BC-9E0D7C88EF42}.Release|Mixed Platforms.ActiveCfg = Release|x86
		{849D4C5D-B9BF-4E43-A5BC-9E0D7C88EF42}.Release|Mixed Platforms.Build.0 = Release|x86
		{849D4C5D-B9BF-4E43-A5BC-9E0D7C88EF42}.Release|x86.ActiveCfg = Release|x86
		{849D4C5D-B9BF-4E43-A5BC-9E0D7C88EF42}.Release|x86.Build.0 = Release|x86
		{D574AB5B-FF76-43C8-A9D3-EC111EE7B77F}.Debug|Any CPU.ActiveCfg = Debug|Any CPU
		{D574AB5B-FF76-43C8-A9D3-EC111EE7B77F}.Debug|Any CPU.Build.0 = Debug|Any CPU
		{D574AB5B-FF76-43C8-A9D3-EC111EE7B77F}.Debug|Mixed Platforms.ActiveCfg = Debug|Any CPU
		{D574AB5B-FF76-43C8-A9D3-EC111EE7B77F}.Debug|Mixed Platforms.Build.0 = Debug|Any CPU
		{D574AB5B-FF76-43C8-A9D3-EC111EE7B77F}.Debug|x86.ActiveCfg = Debug|x86
		{D574AB5B-FF76-43C8-A9D3-EC111EE7B77F}.Debug|x86.Build.0 = Debug|x86
		{D574AB5B-FF76-43C8-A9D3-EC111EE7B77F}.Release|Any CPU.ActiveCfg = Release|Any CPU
		{D574AB5B-FF76-43C8-A9D3-EC111EE7B77F}.Release|Any CPU.Build.0 = Release|Any CPU
		{D574AB5B-FF76-43C8-A9D3-EC111EE7B77F}.Release|Mixed Platforms.ActiveCfg = Release|x86
		{D574AB5B-FF76-43C8-A9D3-EC111EE7B77F}.Release|Mixed Platforms.Build.0 = Release|x86
		{D574AB5B-FF76-43C8-A9D3-EC111EE7B77F}.Release|x86.ActiveCfg = Release|x86
		{D574AB5B-FF76-43C8-A9D3-EC111EE7B77F}.Release|x86.Build.0 = Release|x86
		{07056478-9095-40A9-BB9B-11EFADEE3D4C}.Debug|Any CPU.ActiveCfg = Debug|x86
		{07056478-9095-40A9-BB9B-11EFADEE3D4C}.Debug|Mixed Platforms.ActiveCfg = Debug|x86
		{07056478-9095-40A9-BB9B-11EFADEE3D4C}.Debug|Mixed Platforms.Build.0 = Debug|x86
		{07056478-9095-40A9-BB9B-11EFADEE3D4C}.Debug|x86.ActiveCfg = Debug|x86
		{07056478-9095-40A9-BB9B-11EFADEE3D4C}.Debug|x86.Build.0 = Debug|x86
		{07056478-9095-40A9-BB9B-11EFADEE3D4C}.Release|Any CPU.ActiveCfg = Release|x86
		{07056478-9095-40A9-BB9B-11EFADEE3D4C}.Release|Mixed Platforms.ActiveCfg = Release|x86
		{07056478-9095-40A9-BB9B-11EFADEE3D4C}.Release|Mixed Platforms.Build.0 = Release|x86
		{07056478-9095-40A9-BB9B-11EFADEE3D4C}.Release|x86.ActiveCfg = Release|x86
		{07056478-9095-40A9-BB9B-11EFADEE3D4C}.Release|x86.Build.0 = Release|x86
		{612AD779-92B0-45C9-86B6-5227B942B138}.Debug|Any CPU.ActiveCfg = Debug|x86
		{612AD779-92B0-45C9-86B6-5227B942B138}.Debug|Mixed Platforms.ActiveCfg = Debug|x86
		{612AD779-92B0-45C9-86B6-5227B942B138}.Debug|Mixed Platforms.Build.0 = Debug|x86
		{612AD779-92B0-45C9-86B6-5227B942B138}.Debug|x86.ActiveCfg = Debug|x86
		{612AD779-92B0-45C9-86B6-5227B942B138}.Debug|x86.Build.0 = Debug|x86
		{612AD779-92B0-45C9-86B6-5227B942B138}.Release|Any CPU.ActiveCfg = Release|x86
		{612AD779-92B0-45C9-86B6-5227B942B138}.Release|Mixed Platforms.ActiveCfg = Release|x86
		{612AD779-92B0-45C9-86B6-5227B942B138}.Release|Mixed Platforms.Build.0 = Release|x86
		{612AD779-92B0-45C9-86B6-5227B942B138}.Release|x86.ActiveCfg = Release|x86
		{612AD779-92B0-45C9-86B6-5227B942B138}.Release|x86.Build.0 = Release|x86
		{3E5AF14C-506C-4E4B-BE52-19D979933F70}.Debug|Any CPU.ActiveCfg = Debug|x86
		{3E5AF14C-506C-4E4B-BE52-19D979933F70}.Debug|Mixed Platforms.ActiveCfg = Debug|x86
		{3E5AF14C-506C-4E4B-BE52-19D979933F70}.Debug|Mixed Platforms.Build.0 = Debug|x86
		{3E5AF14C-506C-4E4B-BE52-19D979933F70}.Debug|x86.ActiveCfg = Debug|x86
		{3E5AF14C-506C-4E4B-BE52-19D979933F70}.Debug|x86.Build.0 = Debug|x86
		{3E5AF14C-506C-4E4B-BE52-19D979933F70}.Release|Any CPU.ActiveCfg = Release|x86
		{3E5AF14C-506C-4E4B-BE52-19D979933F70}.Release|Mixed Platforms.ActiveCfg = Release|x86
		{3E5AF14C-506C-4E4B-BE52-19D979933F70}.Release|Mixed Platforms.Build.0 = Release|x86
		{3E5AF14C-506C-4E4B-BE52-19D979933F70}.Release|x86.ActiveCfg = Release|x86
		{3E5AF14C-506C-4E4B-BE52-19D979933F70}.Release|x86.Build.0 = Release|x86
		{03FC6B2B-A458-4707-A935-1232F275C0D0}.Debug|Any CPU.ActiveCfg = Debug|x86
		{03FC6B2B-A458-4707-A935-1232F275C0D0}.Debug|Mixed Platforms.ActiveCfg = Debug|x86
		{03FC6B2B-A458-4707-A935-1232F275C0D0}.Debug|Mixed Platforms.Build.0 = Debug|x86
		{03FC6B2B-A458-4707-A935-1232F275C0D0}.Debug|x86.ActiveCfg = Debug|x86
		{03FC6B2B-A458-4707-A935-1232F275C0D0}.Debug|x86.Build.0 = Debug|x86
		{03FC6B2B-A458-4707-A935-1232F275C0D0}.Release|Any CPU.ActiveCfg = Release|x86
		{03FC6B2B-A458-4707-A935-1232F275C0D0}.Release|Mixed Platforms.ActiveCfg = Release|x86
		{03FC6B2B-A458-4707-A935-1232F275C0D0}.Release|Mixed Platforms.Build.0 = Release|x86
		{03FC6B2B-A458-4707-A935-1232F275C0D0}.Release|x86.ActiveCfg = Release|x86
		{03FC6B2B-A458-4707-A935-1232F275C0D0}.Release|x86.Build.0 = Release|x86
	EndGlobalSection
	GlobalSection(SolutionProperties) = preSolution
		HideSolutionNode = FALSE
	EndGlobalSection
	GlobalSection(NestedProjects) = preSolution
		{80AEAB5C-1EA5-4195-8E48-FAD7A5AEB36F} = {CD02D804-1358-4925-8045-82AC2E7A715D}
		{AC3CF5C4-B571-448F-A708-840AF5170D32} = {CD02D804-1358-4925-8045-82AC2E7A715D}
		{849D4C5D-B9BF-4E43-A5BC-9E0D7C88EF42} = {7C1A629E-2AEE-4C54-B2B6-7A3BC9C8DFBE}
		{D574AB5B-FF76-43C8-A9D3-EC111EE7B77F} = {7C1A629E-2AEE-4C54-B2B6-7A3BC9C8DFBE}
		{07056478-9095-40A9-BB9B-11EFADEE3D4C} = {9EACF93B-325D-4C73-BDC8-A1174B2185ED}
		{612AD779-92B0-45C9-86B6-5227B942B138} = {9EACF93B-325D-4C73-BDC8-A1174B2185ED}
		{3E5AF14C-506C-4E4B-BE52-19D979933F70} = {9EACF93B-325D-4C73-BDC8-A1174B2185ED}
		{03FC6B2B-A458-4707-A935-1232F275C0D0} = {9EACF93B-325D-4C73-BDC8-A1174B2185ED}
	EndGlobalSection
EndGlobal
